# Native libraries packaged by the Codey Neovim Android runtime.
# Keep one filename per line in bytewise-sorted order.
libandroid-support.so
libcodey_bfd.so
libcodey_crypto.so
libcodey_curl.so
libcodey_exec_dispatcher.so
libcodey_git.so
libcodey_git_envsubst.so
libcodey_git_remote_http.so
libcodey_libcxx.so
libcodey_lua_language_server.so
libcodey_nghttp2.so
libcodey_nghttp3.so
libcodey_ngtcp2.so
libcodey_ngtcp2_crypto_ossl.so
libcodey_nvim.so
libcodey_pcre2_8.so
libcodey_rg.so
libcodey_sframe.so
libcodey_ssh2.so
libcodey_ssl.so
libcodey_stylua.so
libcodey_ts_bash.so
libcodey_ts_c.so
libcodey_ts_diff.so
libcodey_ts_html.so
libcodey_ts_lua.so
libcodey_ts_luadoc.so
libcodey_ts_markdown.so
libcodey_ts_markdown_inline.so
libcodey_ts_query.so
libcodey_ts_vim.so
libcodey_ts_vimdoc.so
libcodey_z.so
libcodey_zstd.so
libiconv.so
liblpeg-5.1.so
libluajit-5.1.so
libluv.so
libtree-sitter.so
libunibilium.so
libutf8proc.so
libuv.so
