# name|revision|url|sha256|source_subdirectory|parser_source|scanner_source|exported_symbol|license_path
nvim-treesitter|427e9222363d07c32d6db6169e4049c28d58d141|https://codeload.github.com/nvim-treesitter/nvim-treesitter/tar.gz/427e9222363d07c32d6db6169e4049c28d58d141|dd4d9b020cb9e5564460a398913b7104b2d7177522f95ecc9bb2cf2c20cd81ad|.||||LICENSE
bash|a06c2e4415e9bc0346c6b86d401879ffb44058f7|https://codeload.github.com/tree-sitter/tree-sitter-bash/tar.gz/a06c2e4415e9bc0346c6b86d401879ffb44058f7|879e8951ea2cc82455407e3eda0293319657ec53e83191e0fb5a67430d10d804|.|src/parser.c|src/scanner.c|tree_sitter_bash|LICENSE
c|b780e47fc780ddc8da13afa35a3f4ed5c157823d|https://codeload.github.com/tree-sitter/tree-sitter-c/tar.gz/b780e47fc780ddc8da13afa35a3f4ed5c157823d|dc3979e40fce678c27273ba8ab93b48b5acd6b91d1dfde6a4451222d366d689f|.|src/parser.c||tree_sitter_c|LICENSE
diff|ada384ac7bfc1307f32de474620120add29998fb|https://codeload.github.com/tree-sitter-grammars/tree-sitter-diff/tar.gz/ada384ac7bfc1307f32de474620120add29998fb|e11ccb2f6a5bd966170ccba7d160d832e002e64006a101d7339137795158e73b|.|src/parser.c||tree_sitter_diff|LICENSE
html|73a3947324f6efddf9e17c0ea58d454843590cc0|https://codeload.github.com/tree-sitter/tree-sitter-html/tar.gz/73a3947324f6efddf9e17c0ea58d454843590cc0|892f6b732e08bcb90918a985fdee58d6a0fd7a90326af601a2536a5d477583fa|.|src/parser.c|src/scanner.c|tree_sitter_html|LICENSE
lua|10fe0054734eec83049514ea2e718b2a56acd0c9|https://codeload.github.com/tree-sitter-grammars/tree-sitter-lua/tar.gz/10fe0054734eec83049514ea2e718b2a56acd0c9|82c3ca5808de02addd9c7fb5275d89260c6557019aa6e40ca52c0595bf1d33cd|.|src/parser.c|src/scanner.c|tree_sitter_lua|LICENSE.md
luadoc|4d04632a3a398b78af52e83be074883e722f40be|https://codeload.github.com/tree-sitter-grammars/tree-sitter-luadoc/tar.gz/4d04632a3a398b78af52e83be074883e722f40be|9575fff75422634e789a69aed54ed1b086feda9114f0555a8a5add829af8acfd|.|src/parser.c||tree_sitter_luadoc|LICENSE
markdown|a0a00f817d02412bd92c54d316f164d827b57b5c|https://codeload.github.com/tree-sitter-grammars/tree-sitter-markdown/tar.gz/a0a00f817d02412bd92c54d316f164d827b57b5c|a712569a59f127fd44a1cb59eecdb05d63fa2ccb4622b7d822bff199bf6fb133|tree-sitter-markdown|src/parser.c|src/scanner.c|tree_sitter_markdown|LICENSE
markdown_inline|a0a00f817d02412bd92c54d316f164d827b57b5c|https://codeload.github.com/tree-sitter-grammars/tree-sitter-markdown/tar.gz/a0a00f817d02412bd92c54d316f164d827b57b5c|a712569a59f127fd44a1cb59eecdb05d63fa2ccb4622b7d822bff199bf6fb133|tree-sitter-markdown-inline|src/parser.c|src/scanner.c|tree_sitter_markdown_inline|LICENSE
query|8e9e223812ff30854fbc912adbec696ba5f0e023|https://codeload.github.com/tree-sitter-grammars/tree-sitter-query/tar.gz/8e9e223812ff30854fbc912adbec696ba5f0e023|c0482fc205d2a955045fc276f56552e40ebee4749ad00c4bda05d95db7704e0a|.|src/parser.c||tree_sitter_query|LICENSE
vim|039c8d0aa1deae00ddeb0374dd70bcc0ec56938d|https://codeload.github.com/tree-sitter-grammars/tree-sitter-vim/tar.gz/039c8d0aa1deae00ddeb0374dd70bcc0ec56938d|f699eb09ace8baccc3ba5035458b2d9f8783ea30b5f4a3e2a080d291152b58e7|.|src/parser.c|src/scanner.c|tree_sitter_vim|LICENSE
vimdoc|23daa416c1ff5d15f59a1aa648f031d6e3ee15c5|https://codeload.github.com/neovim/tree-sitter-vimdoc/tar.gz/23daa416c1ff5d15f59a1aa648f031d6e3ee15c5|7f49d96014083308e519db59a88ea2d0029dcba24085f5372fd80ee6d9731fda|.|src/parser.c||tree_sitter_vimdoc|LICENSE
