# revision|url|upstreamSha256|codeySha256
626c660f54054953e630bef85fdf65e159c7516a|https://raw.githubusercontent.com/nvim-lua/kickstart.nvim/626c660f54054953e630bef85fdf65e159c7516a/init.lua|3ab300475c1d585b9172363d3e89d4a8065c1eb94498e015d5e4e1172216094c|297f2f02f401cbf80cae70e40f59b96b6bd935ef86aaceca8e6277b2319912a1
